
Microsoft Visual Studio Solution File, Format Version 12.00
# Visual Studio Version 17
VisualStudioVersion = 17.4.33122.133
MinimumVisualStudioVersion = 10.0.40219.1
Project("{FAE04EC0-301F-11D3-BF4B-00C04F79EFBC}") = "Ideawrit.Shared", "Ideawrit.Shared\Ideawrit.Shared.csproj", "{AF6D6415-ACB9-4E00-A7B0-F19F8694154E}"
EndProject
Project("{FAE04EC0-301F-11D3-BF4B-00C04F79EFBC}") = "Ideawrit.Entities", "Ideawrit.Entities\Ideawrit.Entities.csproj", "{E7C169F1-9269-4A86-8F6A-5561AC565A64}"
EndProject
Project("{FAE04EC0-301F-11D3-BF4B-00C04F79EFBC}") = "Ideawrit.Data", "Ideawrit.Data\Ideawrit.Data.csproj", "{AC9D0A91-9208-4B72-B28E-255FD7FF0958}"
EndProject
Project("{FAE04EC0-301F-11D3-BF4B-00C04F79EFBC}") = "Ideawrit.Services", "Ideawrit.Services\Ideawrit.Services.csproj", "{05A3DF6F-4D5F-472F-A14C-D1820A657E1D}"
EndProject
Project("{FAE04EC0-301F-11D3-BF4B-00C04F79EFBC}") = "Ideawrit.Mvc", "Ideawrit.Mvc\Ideawrit.Mvc.csproj", "{564EF7F6-51BA-4479-96EA-45CE242FDB9C}"
EndProject
Global
	GlobalSection(SolutionConfigurationPlatforms) = preSolution
		Debug|Any CPU = Debug|Any CPU
		Release|Any CPU = Release|Any CPU
	EndGlobalSection
	GlobalSection(ProjectConfigurationPlatforms) = postSolution
		{AF6D6415-ACB9-4E00-A7B0-F19F8694154E}.Debug|Any CPU.ActiveCfg = Debug|Any CPU
		{AF6D6415-ACB9-4E00-A7B0-F19F8694154E}.Debug|Any CPU.Build.0 = Debug|Any CPU
		{AF6D6415-ACB9-4E00-A7B0-F19F8694154E}.Release|Any CPU.ActiveCfg = Release|Any CPU
		{AF6D6415-ACB9-4E00-A7B0-F19F8694154E}.Release|Any CPU.Build.0 = Release|Any CPU
		{E7C169F1-9269-4A86-8F6A-5561AC565A64}.Debug|Any CPU.ActiveCfg = Debug|Any CPU
		{E7C169F1-9269-4A86-8F6A-5561AC565A64}.Debug|Any CPU.Build.0 = Debug|Any CPU
		{E7C169F1-9269-4A86-8F6A-5561AC565A64}.Release|Any CPU.ActiveCfg = Release|Any CPU
		{E7C169F1-9269-4A86-8F6A-5561AC565A64}.Release|Any CPU.Build.0 = Release|Any CPU
		{AC9D0A91-9208-4B72-B28E-255FD7FF0958}.Debug|Any CPU.ActiveCfg = Debug|Any CPU
		{AC9D0A91-9208-4B72-B28E-255FD7FF0958}.Debug|Any CPU.Build.0 = Debug|Any CPU
		{AC9D0A91-9208-4B72-B28E-255FD7FF0958}.Release|Any CPU.ActiveCfg = Release|Any CPU
		{AC9D0A91-9208-4B72-B28E-255FD7FF0958}.Release|Any CPU.Build.0 = Release|Any CPU
		{05A3DF6F-4D5F-472F-A14C-D1820A657E1D}.Debug|Any CPU.ActiveCfg = Debug|Any CPU
		{05A3DF6F-4D5F-472F-A14C-D1820A657E1D}.Debug|Any CPU.Build.0 = Debug|Any CPU
		{05A3DF6F-4D5F-472F-A14C-D1820A657E1D}.Release|Any CPU.ActiveCfg = Release|Any CPU
		{05A3DF6F-4D5F-472F-A14C-D1820A657E1D}.Release|Any CPU.Build.0 = Release|Any CPU
		{564EF7F6-51BA-4479-96EA-45CE242FDB9C}.Debug|Any CPU.ActiveCfg = Debug|Any CPU
		{564EF7F6-51BA-4479-96EA-45CE242FDB9C}.Debug|Any CPU.Build.0 = Debug|Any CPU
		{564EF7F6-51BA-4479-96EA-45CE242FDB9C}.Release|Any CPU.ActiveCfg = Release|Any CPU
		{564EF7F6-51BA-4479-96EA-45CE242FDB9C}.Release|Any CPU.Build.0 = Release|Any CPU
	EndGlobalSection
	GlobalSection(SolutionProperties) = preSolution
		HideSolutionNode = FALSE
	EndGlobalSection
	GlobalSection(ExtensibilityGlobals) = postSolution
		SolutionGuid = {5994226C-F937-404C-8E32-30ED2C7F863D}
	EndGlobalSection
EndGlobal
